
Microsoft Visual Studio Solution File, Format Version 12.00
# Visual Studio Version 16
VisualStudioVersion = 16.0.31702.278
MinimumVisualStudioVersion = 10.0.40219.1
Project("{9A19103F-16F7-4668-BE54-9A1E7A4F7556}") = "Laborator5_PSSC_DanMirceaAurelian.Api", "Laborator5_PSSC_DanMirceaAurelian.Api\Laborator5_PSSC_DanMirceaAurelian.Api.csproj", "{CE068A08-10C5-48BB-892A-9E722012EBD2}"
EndProject
Project("{9A19103F-16F7-4668-BE54-9A1E7A4F7556}") = "Laborator5_PSSC_DanMirceaAurelian.Data", "Laborator5_PSSC_DanMirceaAurelian.Data\Laborator5_PSSC_DanMirceaAurelian.Data.csproj", "{573C7624-3685-4834-B7DF-4FB380C90ADE}"
EndProject
Project("{9A19103F-16F7-4668-BE54-9A1E7A4F7556}") = "Laborator5_PSSC_DanMirceaAurelian.Domain", "Laborator5_PSSC_DanMirceaAurelian.Domain\Laborator5_PSSC_DanMirceaAurelian.Domain.csproj", "{F1DB50A4-D5F1-4E44-AE42-EE63AABFBAB7}"
EndProject
Global
	GlobalSection(SolutionConfigurationPlatforms) = preSolution
		Debug|Any CPU = Debug|Any CPU
		Release|Any CPU = Release|Any CPU
	EndGlobalSection
	GlobalSection(ProjectConfigurationPlatforms) = postSolution
		{CE068A08-10C5-48BB-892A-9E722012EBD2}.Debug|Any CPU.ActiveCfg = Debug|Any CPU
		{CE068A08-10C5-48BB-892A-9E722012EBD2}.Debug|Any CPU.Build.0 = Debug|Any CPU
		{CE068A08-10C5-48BB-892A-9E722012EBD2}.Release|Any CPU.ActiveCfg = Release|Any CPU
		{CE068A08-10C5-48BB-892A-9E722012EBD2}.Release|Any CPU.Build.0 = Release|Any CPU
		{573C7624-3685-4834-B7DF-4FB380C90ADE}.Debug|Any CPU.ActiveCfg = Debug|Any CPU
		{573C7624-3685-4834-B7DF-4FB380C90ADE}.Debug|Any CPU.Build.0 = Debug|Any CPU
		{573C7624-3685-4834-B7DF-4FB380C90ADE}.Release|Any CPU.ActiveCfg = Release|Any CPU
		{573C7624-3685-4834-B7DF-4FB380C90ADE}.Release|Any CPU.Build.0 = Release|Any CPU
		{F1DB50A4-D5F1-4E44-AE42-EE63AABFBAB7}.Debug|Any CPU.ActiveCfg = Debug|Any CPU
		{F1DB50A4-D5F1-4E44-AE42-EE63AABFBAB7}.Debug|Any CPU.Build.0 = Debug|Any CPU
		{F1DB50A4-D5F1-4E44-AE42-EE63AABFBAB7}.Release|Any CPU.ActiveCfg = Release|Any CPU
		{F1DB50A4-D5F1-4E44-AE42-EE63AABFBAB7}.Release|Any CPU.Build.0 = Release|Any CPU
	EndGlobalSection
	GlobalSection(SolutionProperties) = preSolution
		HideSolutionNode = FALSE
	EndGlobalSection
	GlobalSection(ExtensibilityGlobals) = postSolution
		SolutionGuid = {62B419E0-4D43-4AF8-93AE-26A028B3FF1E}
	EndGlobalSection
EndGlobal
